
Microsoft Visual Studio Solution File, Format Version 12.00
# Visual Studio 15
VisualStudioVersion = 15.0.27130.2036
MinimumVisualStudioVersion = 10.0.40219.1
Project("{FAE04EC0-301F-11D3-BF4B-00C04F79EFBC}") = "BizDataLibrary", "BizDataLibrary\BizDataLibrary.csproj", "{F782C507-3A37-41A1-ADDE-3CBD7493F54D}"
EndProject
Project("{FAE04EC0-301F-11D3-BF4B-00C04F79EFBC}") = "BizDataTest001", "BizDataTest001\BizDataTest001.csproj", "{4A13CEC2-FA5B-4407-B51E-3DEDF018D94C}"
EndProject
Project("{FAE04EC0-301F-11D3-BF4B-00C04F79EFBC}") = "BuildSchoolBizApp", "BuildSchoolBizApp\BuildSchoolBizApp.csproj", "{D075E966-00FD-4EEA-9CB1-28861AC3ADFC}"
EndProject
Global
	GlobalSection(SolutionConfigurationPlatforms) = preSolution
		Debug|Any CPU = Debug|Any CPU
		Release|Any CPU = Release|Any CPU
	EndGlobalSection
	GlobalSection(ProjectConfigurationPlatforms) = postSolution
		{F782C507-3A37-41A1-ADDE-3CBD7493F54D}.Debug|Any CPU.ActiveCfg = Debug|Any CPU
		{F782C507-3A37-41A1-ADDE-3CBD7493F54D}.Debug|Any CPU.Build.0 = Debug|Any CPU
		{F782C507-3A37-41A1-ADDE-3CBD7493F54D}.Release|Any CPU.ActiveCfg = Release|Any CPU
		{F782C507-3A37-41A1-ADDE-3CBD7493F54D}.Release|Any CPU.Build.0 = Release|Any CPU
		{4A13CEC2-FA5B-4407-B51E-3DEDF018D94C}.Debug|Any CPU.ActiveCfg = Debug|Any CPU
		{4A13CEC2-FA5B-4407-B51E-3DEDF018D94C}.Debug|Any CPU.Build.0 = Debug|Any CPU
		{4A13CEC2-FA5B-4407-B51E-3DEDF018D94C}.Release|Any CPU.ActiveCfg = Release|Any CPU
		{4A13CEC2-FA5B-4407-B51E-3DEDF018D94C}.Release|Any CPU.Build.0 = Release|Any CPU
		{D075E966-00FD-4EEA-9CB1-28861AC3ADFC}.Debug|Any CPU.ActiveCfg = Debug|Any CPU
		{D075E966-00FD-4EEA-9CB1-28861AC3ADFC}.Debug|Any CPU.Build.0 = Debug|Any CPU
		{D075E966-00FD-4EEA-9CB1-28861AC3ADFC}.Release|Any CPU.ActiveCfg = Release|Any CPU
		{D075E966-00FD-4EEA-9CB1-28861AC3ADFC}.Release|Any CPU.Build.0 = Release|Any CPU
	EndGlobalSection
	GlobalSection(SolutionProperties) = preSolution
		HideSolutionNode = FALSE
	EndGlobalSection
	GlobalSection(ExtensibilityGlobals) = postSolution
		SolutionGuid = {61153348-10D5-4A33-885F-6B52A2F2FFAE}
	EndGlobalSection
EndGlobal
